// !$*UTF8*$!
{
	archiveVersion = 1;
	classes = {
	};
	objectVersion = 46;
	objects = {

/* Begin PBXBuildFile section */
		BA691ADE1D70A6250090F872 /* CoreData.framework in Frameworks */ = {isa = PBXBuildFile; fileRef = BA691ADD1D70A6250090F872 /* CoreData.framework */; };
		BA691AE11D70A7AB0090F872 /* Model.xcdatamodeld in Sources */ = {isa = PBXBuildFile; fileRef = BA691ADF1D70A7AB0090F872 /* Model.xcdatamodeld */; };
		CE2529FE1D3D61F6007384BE /* ShiftDetailsViewController.m in Sources */ = {isa = PBXBuildFile; fileRef = CE2529FD1D3D61F6007384BE /* ShiftDetailsViewController.m */; };
		CE5068AD1D36C578003C1B95 /* main.m in Sources */ = {isa = PBXBuildFile; fileRef = CE5068AC1D36C578003C1B95 /* main.m */; };
		CE5068B01D36C578003C1B95 /* AppDelegate.m in Sources */ = {isa = PBXBuildFile; fileRef = CE5068AF1D36C578003C1B95 /* AppDelegate.m */; };
		CE5068B61D36C578003C1B95 /* Main.storyboard in Resources */ = {isa = PBXBuildFile; fileRef = CE5068B41D36C578003C1B95 /* Main.storyboard */; };
		CE5068B81D36C578003C1B95 /* Assets.xcassets in Resources */ = {isa = PBXBuildFile; fileRef = CE5068B71D36C578003C1B95 /* Assets.xcassets */; };
		CE5068BB1D36C578003C1B95 /* LaunchScreen.storyboard in Resources */ = {isa = PBXBuildFile; fileRef = CE5068B91D36C578003C1B95 /* LaunchScreen.storyboard */; };
		CE5068CA1D36CDC5003C1B95 /* DAO.m in Sources */ = {isa = PBXBuildFile; fileRef = CE5068C91D36CDC5003C1B95 /* DAO.m */; };
		CE5068F61D36EE80003C1B95 /* AddNewShiftViewController.m in Sources */ = {isa = PBXBuildFile; fileRef = CE5068F51D36EE80003C1B95 /* AddNewShiftViewController.m */; };
		CE9253711D7259C2003BA97C /* AddJobViewController.m in Sources */ = {isa = PBXBuildFile; fileRef = CE9253701D7259C2003BA97C /* AddJobViewController.m */; };
		CE9FF5081D70E711007536A2 /* Job+CoreDataProperties.m in Sources */ = {isa = PBXBuildFile; fileRef = CE9FF5011D70E711007536A2 /* Job+CoreDataProperties.m */; };
		CE9FF5091D70E711007536A2 /* Job.m in Sources */ = {isa = PBXBuildFile; fileRef = CE9FF5031D70E711007536A2 /* Job.m */; };
		CE9FF50A1D70E711007536A2 /* Shift+CoreDataProperties.m in Sources */ = {isa = PBXBuildFile; fileRef = CE9FF5051D70E711007536A2 /* Shift+CoreDataProperties.m */; };
		CE9FF50B1D70E711007536A2 /* Shift.m in Sources */ = {isa = PBXBuildFile; fileRef = CE9FF5071D70E711007536A2 /* Shift.m */; };
		CE9FF50E1D70E8AB007536A2 /* JobsTableViewController.m in Sources */ = {isa = PBXBuildFile; fileRef = CE9FF50D1D70E8AB007536A2 /* JobsTableViewController.m */; };
		CECF25C01DEF8C690009612E /* AddShiftTableViewController.m in Sources */ = {isa = PBXBuildFile; fileRef = CECF25BF1DEF8C690009612E /* AddShiftTableViewController.m */; };
		CED0872D1D9C5F46006DDE22 /* ShiftsTableViewController.m in Sources */ = {isa = PBXBuildFile; fileRef = CED0872C1D9C5F46006DDE22 /* ShiftsTableViewController.m */; };
		CED087301D9C6972006DDE22 /* EditShiftViewController.m in Sources */ = {isa = PBXBuildFile; fileRef = CED0872F1D9C6972006DDE22 /* EditShiftViewController.m */; };
		CEECA4941D7790EF00A0E13A /* NSDate+NSDate_StringMethods.m in Sources */ = {isa = PBXBuildFile; fileRef = CEECA4931D7790EF00A0E13A /* NSDate+NSDate_StringMethods.m */; };
		CEF658151D8896BD00BA56B5 /* TabBarViewController.m in Sources */ = {isa = PBXBuildFile; fileRef = CEF658141D8896BD00BA56B5 /* TabBarViewController.m */; };
/* End PBXBuildFile section */

/* Begin PBXFileReference section */
		BA691ADD1D70A6250090F872 /* CoreData.framework */ = {isa = PBXFileReference; lastKnownFileType = wrapper.framework; name = CoreData.framework; path = System/Library/Frameworks/CoreData.framework; sourceTree = SDKROOT; };
		BA691AE01D70A7AB0090F872 /* Model.xcdatamodel */ = {isa = PBXFileReference; lastKnownFileType = wrapper.xcdatamodel; path = Model.xcdatamodel; sourceTree = "<group>"; };
		CE2529F61D3D4C88007384BE /* libsqlite3.0.tbd */ = {isa = PBXFileReference; lastKnownFileType = "sourcecode.text-based-dylib-definition"; name = libsqlite3.0.tbd; path = usr/lib/libsqlite3.0.tbd; sourceTree = SDKROOT; };
		CE2529FA1D3D594A007384BE /* StoredEvents.db */ = {isa = PBXFileReference; lastKnownFileType = file; path = StoredEvents.db; sourceTree = "<group>"; };
		CE2529FC1D3D61F6007384BE /* ShiftDetailsViewController.h */ = {isa = PBXFileReference; fileEncoding = 4; lastKnownFileType = sourcecode.c.h; path = ShiftDetailsViewController.h; sourceTree = "<group>"; };
		CE2529FD1D3D61F6007384BE /* ShiftDetailsViewController.m */ = {isa = PBXFileReference; fileEncoding = 4; lastKnownFileType = sourcecode.c.objc; path = ShiftDetailsViewController.m; sourceTree = "<group>"; };
		CE5068A81D36C578003C1B95 /* HRS.app */ = {isa = PBXFileReference; explicitFileType = wrapper.application; includeInIndex = 0; path = HRS.app; sourceTree = BUILT_PRODUCTS_DIR; };
		CE5068AC1D36C578003C1B95 /* main.m */ = {isa = PBXFileReference; lastKnownFileType = sourcecode.c.objc; path = main.m; sourceTree = "<group>"; };
		CE5068AE1D36C578003C1B95 /* AppDelegate.h */ = {isa = PBXFileReference; lastKnownFileType = sourcecode.c.h; path = AppDelegate.h; sourceTree = "<group>"; };
		CE5068AF1D36C578003C1B95 /* AppDelegate.m */ = {isa = PBXFileReference; lastKnownFileType = sourcecode.c.objc; path = AppDelegate.m; sourceTree = "<group>"; };
		CE5068B51D36C578003C1B95 /* Base */ = {isa = PBXFileReference; lastKnownFileType = file.storyboard; name = Base; path = Base.lproj/Main.storyboard; sourceTree = "<group>"; };
		CE5068B71D36C578003C1B95 /* Assets.xcassets */ = {isa = PBXFileReference; lastKnownFileType = folder.assetcatalog; path = Assets.xcassets; sourceTree = "<group>"; };
		CE5068BA1D36C578003C1B95 /* Base */ = {isa = PBXFileReference; lastKnownFileType = file.storyboard; name = Base; path = Base.lproj/LaunchScreen.storyboard; sourceTree = "<group>"; };
		CE5068BC1D36C578003C1B95 /* Info.plist */ = {isa = PBXFileReference; lastKnownFileType = text.plist.xml; path = Info.plist; sourceTree = "<group>"; };
		CE5068C81D36CDC5003C1B95 /* DAO.h */ = {isa = PBXFileReference; fileEncoding = 4; lastKnownFileType = sourcecode.c.h; path = DAO.h; sourceTree = "<group>"; };
		CE5068C91D36CDC5003C1B95 /* DAO.m */ = {isa = PBXFileReference; fileEncoding = 4; lastKnownFileType = sourcecode.c.objc; path = DAO.m; sourceTree = "<group>"; };
		CE5068F41D36EE80003C1B95 /* AddNewShiftViewController.h */ = {isa = PBXFileReference; fileEncoding = 4; lastKnownFileType = sourcecode.c.h; path = AddNewShiftViewController.h; sourceTree = "<group>"; };
		CE5068F51D36EE80003C1B95 /* AddNewShiftViewController.m */ = {isa = PBXFileReference; fileEncoding = 4; lastKnownFileType = sourcecode.c.objc; path = AddNewShiftViewController.m; sourceTree = "<group>"; };
		CE92536F1D7259C2003BA97C /* AddJobViewController.h */ = {isa = PBXFileReference; fileEncoding = 4; lastKnownFileType = sourcecode.c.h; path = AddJobViewController.h; sourceTree = "<group>"; };
		CE9253701D7259C2003BA97C /* AddJobViewController.m */ = {isa = PBXFileReference; fileEncoding = 4; lastKnownFileType = sourcecode.c.objc; path = AddJobViewController.m; sourceTree = "<group>"; };
		CE9FF5001D70E711007536A2 /* Job+CoreDataProperties.h */ = {isa = PBXFileReference; fileEncoding = 4; lastKnownFileType = sourcecode.c.h; name = "Job+CoreDataProperties.h"; path = "../Job+CoreDataProperties.h"; sourceTree = "<group>"; };
		CE9FF5011D70E711007536A2 /* Job+CoreDataProperties.m */ = {isa = PBXFileReference; fileEncoding = 4; lastKnownFileType = sourcecode.c.objc; name = "Job+CoreDataProperties.m"; path = "../Job+CoreDataProperties.m"; sourceTree = "<group>"; };
		CE9FF5021D70E711007536A2 /* Job.h */ = {isa = PBXFileReference; fileEncoding = 4; lastKnownFileType = sourcecode.c.h; name = Job.h; path = ../Job.h; sourceTree = "<group>"; };
		CE9FF5031D70E711007536A2 /* Job.m */ = {isa = PBXFileReference; fileEncoding = 4; lastKnownFileType = sourcecode.c.objc; name = Job.m; path = ../Job.m; sourceTree = "<group>"; };
		CE9FF5041D70E711007536A2 /* Shift+CoreDataProperties.h */ = {isa = PBXFileReference; fileEncoding = 4; lastKnownFileType = sourcecode.c.h; name = "Shift+CoreDataProperties.h"; path = "../Shift+CoreDataProperties.h"; sourceTree = "<group>"; };
		CE9FF5051D70E711007536A2 /* Shift+CoreDataProperties.m */ = {isa = PBXFileReference; fileEncoding = 4; lastKnownFileType = sourcecode.c.objc; name = "Shift+CoreDataProperties.m"; path = "../Shift+CoreDataProperties.m"; sourceTree = "<group>"; };
		CE9FF5061D70E711007536A2 /* Shift.h */ = {isa = PBXFileReference; fileEncoding = 4; lastKnownFileType = sourcecode.c.h; name = Shift.h; path = ../Shift.h; sourceTree = "<group>"; };
		CE9FF5071D70E711007536A2 /* Shift.m */ = {isa = PBXFileReference; fileEncoding = 4; lastKnownFileType = sourcecode.c.objc; name = Shift.m; path = ../Shift.m; sourceTree = "<group>"; };
		CE9FF50C1D70E8AB007536A2 /* JobsTableViewController.h */ = {isa = PBXFileReference; fileEncoding = 4; lastKnownFileType = sourcecode.c.h; path = JobsTableViewController.h; sourceTree = "<group>"; };
		CE9FF50D1D70E8AB007536A2 /* JobsTableViewController.m */ = {isa = PBXFileReference; fileEncoding = 4; lastKnownFileType = sourcecode.c.objc; path = JobsTableViewController.m; sourceTree = "<group>"; };
		CECF25BE1DEF8C690009612E /* AddShiftTableViewController.h */ = {isa = PBXFileReference; fileEncoding = 4; lastKnownFileType = sourcecode.c.h; path = AddShiftTableViewController.h; sourceTree = "<group>"; };
		CECF25BF1DEF8C690009612E /* AddShiftTableViewController.m */ = {isa = PBXFileReference; fileEncoding = 4; lastKnownFileType = sourcecode.c.objc; path = AddShiftTableViewController.m; sourceTree = "<group>"; };
		CED0872B1D9C5F46006DDE22 /* ShiftsTableViewController.h */ = {isa = PBXFileReference; fileEncoding = 4; lastKnownFileType = sourcecode.c.h; path = ShiftsTableViewController.h; sourceTree = "<group>"; };
		CED0872C1D9C5F46006DDE22 /* ShiftsTableViewController.m */ = {isa = PBXFileReference; fileEncoding = 4; lastKnownFileType = sourcecode.c.objc; path = ShiftsTableViewController.m; sourceTree = "<group>"; };
		CED0872E1D9C6972006DDE22 /* EditShiftViewController.h */ = {isa = PBXFileReference; fileEncoding = 4; lastKnownFileType = sourcecode.c.h; path = EditShiftViewController.h; sourceTree = "<group>"; };
		CED0872F1D9C6972006DDE22 /* EditShiftViewController.m */ = {isa = PBXFileReference; fileEncoding = 4; lastKnownFileType = sourcecode.c.objc; path = EditShiftViewController.m; sourceTree = "<group>"; };
		CEECA4921D7790EF00A0E13A /* NSDate+NSDate_StringMethods.h */ = {isa = PBXFileReference; fileEncoding = 4; lastKnownFileType = sourcecode.c.h; path = "NSDate+NSDate_StringMethods.h"; sourceTree = "<group>"; };
		CEECA4931D7790EF00A0E13A /* NSDate+NSDate_StringMethods.m */ = {isa = PBXFileReference; fileEncoding = 4; lastKnownFileType = sourcecode.c.objc; path = "NSDate+NSDate_StringMethods.m"; sourceTree = "<group>"; };
		CEF658131D8896BD00BA56B5 /* TabBarViewController.h */ = {isa = PBXFileReference; fileEncoding = 4; lastKnownFileType = sourcecode.c.h; path = TabBarViewController.h; sourceTree = "<group>"; };
		CEF658141D8896BD00BA56B5 /* TabBarViewController.m */ = {isa = PBXFileReference; fileEncoding = 4; lastKnownFileType = sourcecode.c.objc; path = TabBarViewController.m; sourceTree = "<group>"; };
/* End PBXFileReference section */

/* Begin PBXFrameworksBuildPhase section */
		CE5068A51D36C578003C1B95 /* Frameworks */ = {
			isa = PBXFrameworksBuildPhase;
			buildActionMask = 2147483647;
			files = (
				BA691ADE1D70A6250090F872 /* CoreData.framework in Frameworks */,
			);
			runOnlyForDeploymentPostprocessing = 0;
		};
/* End PBXFrameworksBuildPhase section */

/* Begin PBXGroup section */
		CE50689F1D36C578003C1B95 = {
			isa = PBXGroup;
			children = (
				BA691ADD1D70A6250090F872 /* CoreData.framework */,
				CE5068AA1D36C578003C1B95 /* HRS */,
				CE5068A91D36C578003C1B95 /* Products */,
			);
			sourceTree = "<group>";
		};
		CE5068A91D36C578003C1B95 /* Products */ = {
			isa = PBXGroup;
			children = (
				CE5068A81D36C578003C1B95 /* HRS.app */,
			);
			name = Products;
			sourceTree = "<group>";
		};
		CE5068AA1D36C578003C1B95 /* HRS */ = {
			isa = PBXGroup;
			children = (
				CE5068C31D36CD83003C1B95 /* Data Classes */,
				CE5068C41D36CD89003C1B95 /* Custom Object Classes */,
				CE5068F01D36E50F003C1B95 /* Core Data Classes */,
				CE5068C21D36CD7D003C1B95 /* View Controllers */,
				CE5068EF1D36E36C003C1B95 /* App Delegate */,
				CE5068AB1D36C578003C1B95 /* Supporting Files */,
			);
			path = HRS;
			sourceTree = "<group>";
		};
		CE5068AB1D36C578003C1B95 /* Supporting Files */ = {
			isa = PBXGroup;
			children = (
				CE5068B41D36C578003C1B95 /* Main.storyboard */,
				CE5068B71D36C578003C1B95 /* Assets.xcassets */,
				CE5068B91D36C578003C1B95 /* LaunchScreen.storyboard */,
				CE5068BC1D36C578003C1B95 /* Info.plist */,
				CE2529F61D3D4C88007384BE /* libsqlite3.0.tbd */,
				CE5068AC1D36C578003C1B95 /* main.m */,
				CE2529FA1D3D594A007384BE /* StoredEvents.db */,
			);
			name = "Supporting Files";
			sourceTree = "<group>";
		};
		CE5068C21D36CD7D003C1B95 /* View Controllers */ = {
			isa = PBXGroup;
			children = (
				CEF658131D8896BD00BA56B5 /* TabBarViewController.h */,
				CEF658141D8896BD00BA56B5 /* TabBarViewController.m */,
				CE9FF50C1D70E8AB007536A2 /* JobsTableViewController.h */,
				CE9FF50D1D70E8AB007536A2 /* JobsTableViewController.m */,
				CE92536F1D7259C2003BA97C /* AddJobViewController.h */,
				CE9253701D7259C2003BA97C /* AddJobViewController.m */,
				CE5068F41D36EE80003C1B95 /* AddNewShiftViewController.h */,
				CE5068F51D36EE80003C1B95 /* AddNewShiftViewController.m */,
				CED0872B1D9C5F46006DDE22 /* ShiftsTableViewController.h */,
				CED0872C1D9C5F46006DDE22 /* ShiftsTableViewController.m */,
				CE2529FC1D3D61F6007384BE /* ShiftDetailsViewController.h */,
				CE2529FD1D3D61F6007384BE /* ShiftDetailsViewController.m */,
				CED0872E1D9C6972006DDE22 /* EditShiftViewController.h */,
				CED0872F1D9C6972006DDE22 /* EditShiftViewController.m */,
				CECF25BE1DEF8C690009612E /* AddShiftTableViewController.h */,
				CECF25BF1DEF8C690009612E /* AddShiftTableViewController.m */,
			);
			name = "View Controllers";
			sourceTree = "<group>";
		};
		CE5068C31D36CD83003C1B95 /* Data Classes */ = {
			isa = PBXGroup;
			children = (
				CE5068C81D36CDC5003C1B95 /* DAO.h */,
				CE5068C91D36CDC5003C1B95 /* DAO.m */,
				CEECA4921D7790EF00A0E13A /* NSDate+NSDate_StringMethods.h */,
				CEECA4931D7790EF00A0E13A /* NSDate+NSDate_StringMethods.m */,
			);
			name = "Data Classes";
			sourceTree = "<group>";
		};
		CE5068C41D36CD89003C1B95 /* Custom Object Classes */ = {
			isa = PBXGroup;
			children = (
			);
			name = "Custom Object Classes";
			sourceTree = "<group>";
		};
		CE5068EF1D36E36C003C1B95 /* App Delegate */ = {
			isa = PBXGroup;
			children = (
				CE5068AE1D36C578003C1B95 /* AppDelegate.h */,
				CE5068AF1D36C578003C1B95 /* AppDelegate.m */,
			);
			name = "App Delegate";
			sourceTree = "<group>";
		};
		CE5068F01D36E50F003C1B95 /* Core Data Classes */ = {
			isa = PBXGroup;
			children = (
				BA691ADF1D70A7AB0090F872 /* Model.xcdatamodeld */,
				CE9FF5001D70E711007536A2 /* Job+CoreDataProperties.h */,
				CE9FF5011D70E711007536A2 /* Job+CoreDataProperties.m */,
				CE9FF5021D70E711007536A2 /* Job.h */,
				CE9FF5031D70E711007536A2 /* Job.m */,
				CE9FF5041D70E711007536A2 /* Shift+CoreDataProperties.h */,
				CE9FF5051D70E711007536A2 /* Shift+CoreDataProperties.m */,
				CE9FF5061D70E711007536A2 /* Shift.h */,
				CE9FF5071D70E711007536A2 /* Shift.m */,
			);
			name = "Core Data Classes";
			sourceTree = "<group>";
		};
/* End PBXGroup section */

/* Begin PBXNativeTarget section */
		CE5068A71D36C578003C1B95 /* HRS */ = {
			isa = PBXNativeTarget;
			buildConfigurationList = CE5068BF1D36C579003C1B95 /* Build configuration list for PBXNativeTarget "HRS" */;
			buildPhases = (
				CE5068A41D36C578003C1B95 /* Sources */,
				CE5068A51D36C578003C1B95 /* Frameworks */,
				CE5068A61D36C578003C1B95 /* Resources */,
			);
			buildRules = (
			);
			dependencies = (
			);
			name = HRS;
			productName = HRS;
			productReference = CE5068A81D36C578003C1B95 /* HRS.app */;
			productType = "com.apple.product-type.application";
		};
/* End PBXNativeTarget section */

/* Begin PBXProject section */
		CE5068A01D36C578003C1B95 /* Project object */ = {
			isa = PBXProject;
			attributes = {
				LastUpgradeCheck = 0800;
				ORGANIZATIONNAME = ThomasGraninger;
				TargetAttributes = {
					CE5068A71D36C578003C1B95 = {
						CreatedOnToolsVersion = 7.3.1;
						DevelopmentTeam = UDW6TT4A9G;
					};
				};
			};
			buildConfigurationList = CE5068A31D36C578003C1B95 /* Build configuration list for PBXProject "HRS" */;
			compatibilityVersion = "Xcode 3.2";
			developmentRegion = English;
			hasScannedForEncodings = 0;
			knownRegions = (
				en,
				Base,
			);
			mainGroup = CE50689F1D36C578003C1B95;
			productRefGroup = CE5068A91D36C578003C1B95 /* Products */;
			projectDirPath = "";
			projectRoot = "";
			targets = (
				CE5068A71D36C578003C1B95 /* HRS */,
			);
		};
/* End PBXProject section */

/* Begin PBXResourcesBuildPhase section */
		CE5068A61D36C578003C1B95 /* Resources */ = {
			isa = PBXResourcesBuildPhase;
			buildActionMask = 2147483647;
			files = (
				CE5068BB1D36C578003C1B95 /* LaunchScreen.storyboard in Resources */,
				CE5068B81D36C578003C1B95 /* Assets.xcassets in Resources */,
				CE5068B61D36C578003C1B95 /* Main.storyboard in Resources */,
			);
			runOnlyForDeploymentPostprocessing = 0;
		};
/* End PBXResourcesBuildPhase section */

/* Begin PBXSourcesBuildPhase section */
		CE5068A41D36C578003C1B95 /* Sources */ = {
			isa = PBXSourcesBuildPhase;
			buildActionMask = 2147483647;
			files = (
				CE9FF50E1D70E8AB007536A2 /* JobsTableViewController.m in Sources */,
				CEECA4941D7790EF00A0E13A /* NSDate+NSDate_StringMethods.m in Sources */,
				CE9FF50B1D70E711007536A2 /* Shift.m in Sources */,
				CE5068CA1D36CDC5003C1B95 /* DAO.m in Sources */,
				CE9FF5081D70E711007536A2 /* Job+CoreDataProperties.m in Sources */,
				CE5068B01D36C578003C1B95 /* AppDelegate.m in Sources */,
				BA691AE11D70A7AB0090F872 /* Model.xcdatamodeld in Sources */,
				CED087301D9C6972006DDE22 /* EditShiftViewController.m in Sources */,
				CE5068AD1D36C578003C1B95 /* main.m in Sources */,
				CE9253711D7259C2003BA97C /* AddJobViewController.m in Sources */,
				CEF658151D8896BD00BA56B5 /* TabBarViewController.m in Sources */,
				CE2529FE1D3D61F6007384BE /* ShiftDetailsViewController.m in Sources */,
				CE9FF50A1D70E711007536A2 /* Shift+CoreDataProperties.m in Sources */,
				CE5068F61D36EE80003C1B95 /* AddNewShiftViewController.m in Sources */,
				CED0872D1D9C5F46006DDE22 /* ShiftsTableViewController.m in Sources */,
				CE9FF5091D70E711007536A2 /* Job.m in Sources */,
				CECF25C01DEF8C690009612E /* AddShiftTableViewController.m in Sources */,
			);
			runOnlyForDeploymentPostprocessing = 0;
		};
/* End PBXSourcesBuildPhase section */

/* Begin PBXVariantGroup section */
		CE5068B41D36C578003C1B95 /* Main.storyboard */ = {
			isa = PBXVariantGroup;
			children = (
				CE5068B51D36C578003C1B95 /* Base */,
			);
			name = Main.storyboard;
			sourceTree = "<group>";
		};
		CE5068B91D36C578003C1B95 /* LaunchScreen.storyboard */ = {
			isa = PBXVariantGroup;
			children = (
				CE5068BA1D36C578003C1B95 /* Base */,
			);
			name = LaunchScreen.storyboard;
			sourceTree = "<group>";
		};
/* End PBXVariantGroup section */

/* Begin XCBuildConfiguration section */
		CE5068BD1D36C579003C1B95 /* Debug */ = {
			isa = XCBuildConfiguration;
			buildSettings = {
				ALWAYS_SEARCH_USER_PATHS = NO;
				CLANG_ANALYZER_NONNULL = YES;
				CLANG_CXX_LANGUAGE_STANDARD = "gnu++0x";
				CLANG_CXX_LIBRARY = "libc++";
				CLANG_ENABLE_MODULES = YES;
				CLANG_ENABLE_OBJC_ARC = YES;
				CLANG_WARN_BOOL_CONVERSION = YES;
				CLANG_WARN_CONSTANT_CONVERSION = YES;
				CLANG_WARN_DIRECT_OBJC_ISA_USAGE = YES_ERROR;
				CLANG_WARN_EMPTY_BODY = YES;
				CLANG_WARN_ENUM_CONVERSION = YES;
				CLANG_WARN_INFINITE_RECURSION = YES;
				CLANG_WARN_INT_CONVERSION = YES;
				CLANG_WARN_OBJC_ROOT_CLASS = YES_ERROR;
				CLANG_WARN_SUSPICIOUS_MOVE = YES;
				CLANG_WARN_UNREACHABLE_CODE = YES;
				CLANG_WARN__DUPLICATE_METHOD_MATCH = YES;
				"CODE_SIGN_IDENTITY[sdk=iphoneos*]" = "iPhone Developer";
				COPY_PHASE_STRIP = NO;
				DEBUG_INFORMATION_FORMAT = dwarf;
				ENABLE_STRICT_OBJC_MSGSEND = YES;
				ENABLE_TESTABILITY = YES;
				GCC_C_LANGUAGE_STANDARD = gnu99;
				GCC_DYNAMIC_NO_PIC = NO;
				GCC_NO_COMMON_BLOCKS = YES;
				GCC_OPTIMIZATION_LEVEL = 0;
				GCC_PREPROCESSOR_DEFINITIONS = (
					"DEBUG=1",
					"$(inherited)",
				);
				GCC_WARN_64_TO_32_BIT_CONVERSION = YES;
				GCC_WARN_ABOUT_RETURN_TYPE = YES_ERROR;
				GCC_WARN_UNDECLARED_SELECTOR = YES;
				GCC_WARN_UNINITIALIZED_AUTOS = YES_AGGRESSIVE;
				GCC_WARN_UNUSED_FUNCTION = YES;
				GCC_WARN_UNUSED_VARIABLE = YES;
				IPHONEOS_DEPLOYMENT_TARGET = 9.3;
				MTL_ENABLE_DEBUG_INFO = YES;
				ONLY_ACTIVE_ARCH = YES;
				SDKROOT = iphoneos;
				TARGETED_DEVICE_FAMILY = "1,2";
			};
			name = Debug;
		};
		CE5068BE1D36C579003C1B95 /* Release */ = {
			isa = XCBuildConfiguration;
			buildSettings = {
				ALWAYS_SEARCH_USER_PATHS = NO;
				CLANG_ANALYZER_NONNULL = YES;
				CLANG_CXX_LANGUAGE_STANDARD = "gnu++0x";
				CLANG_CXX_LIBRARY = "libc++";
				CLANG_ENABLE_MODULES = YES;
				CLANG_ENABLE_OBJC_ARC = YES;
				CLANG_WARN_BOOL_CONVERSION = YES;
				CLANG_WARN_CONSTANT_CONVERSION = YES;
				CLANG_WARN_DIRECT_OBJC_ISA_USAGE = YES_ERROR;
				CLANG_WARN_EMPTY_BODY = YES;
				CLANG_WARN_ENUM_CONVERSION = YES;
				CLANG_WARN_INFINITE_RECURSION = YES;
				CLANG_WARN_INT_CONVERSION = YES;
				CLANG_WARN_OBJC_ROOT_CLASS = YES_ERROR;
				CLANG_WARN_SUSPICIOUS_MOVE = YES;
				CLANG_WARN_UNREACHABLE_CODE = YES;
				CLANG_WARN__DUPLICATE_METHOD_MATCH = YES;
				"CODE_SIGN_IDENTITY[sdk=iphoneos*]" = "iPhone Developer";
				COPY_PHASE_STRIP = NO;
				DEBUG_INFORMATION_FORMAT = "dwarf-with-dsym";
				ENABLE_NS_ASSERTIONS = NO;
				ENABLE_STRICT_OBJC_MSGSEND = YES;
				GCC_C_LANGUAGE_STANDARD = gnu99;
				GCC_NO_COMMON_BLOCKS = YES;
				GCC_WARN_64_TO_32_BIT_CONVERSION = YES;
				GCC_WARN_ABOUT_RETURN_TYPE = YES_ERROR;
				GCC_WARN_UNDECLARED_SELECTOR = YES;
				GCC_WARN_UNINITIALIZED_AUTOS = YES_AGGRESSIVE;
				GCC_WARN_UNUSED_FUNCTION = YES;
				GCC_WARN_UNUSED_VARIABLE = YES;
				IPHONEOS_DEPLOYMENT_TARGET = 9.3;
				MTL_ENABLE_DEBUG_INFO = NO;
				SDKROOT = iphoneos;
				TARGETED_DEVICE_FAMILY = "1,2";
				VALIDATE_PRODUCT = YES;
			};
			name = Release;
		};
		CE5068C01D36C579003C1B95 /* Debug */ = {
			isa = XCBuildConfiguration;
			buildSettings = {
				ASSETCATALOG_COMPILER_APPICON_NAME = AppIcon;
				INFOPLIST_FILE = HRS/Info.plist;
				LD_RUNPATH_SEARCH_PATHS = "$(inherited) @executable_path/Frameworks";
				PRODUCT_BUNDLE_IDENTIFIER = com.ThomasGraninger.HRS;
				PRODUCT_NAME = "$(TARGET_NAME)";
			};
			name = Debug;
		};
		CE5068C11D36C579003C1B95 /* Release */ = {
			isa = XCBuildConfiguration;
			buildSettings = {
				ASSETCATALOG_COMPILER_APPICON_NAME = AppIcon;
				INFOPLIST_FILE = HRS/Info.plist;
				LD_RUNPATH_SEARCH_PATHS = "$(inherited) @executable_path/Frameworks";
				PRODUCT_BUNDLE_IDENTIFIER = com.ThomasGraninger.HRS;
				PRODUCT_NAME = "$(TARGET_NAME)";
			};
			name = Release;
		};
/* End XCBuildConfiguration section */

/* Begin XCConfigurationList section */
		CE5068A31D36C578003C1B95 /* Build configuration list for PBXProject "HRS" */ = {
			isa = XCConfigurationList;
			buildConfigurations = (
				CE5068BD1D36C579003C1B95 /* Debug */,
				CE5068BE1D36C579003C1B95 /* Release */,
			);
			defaultConfigurationIsVisible = 0;
			defaultConfigurationName = Release;
		};
		CE5068BF1D36C579003C1B95 /* Build configuration list for PBXNativeTarget "HRS" */ = {
			isa = XCConfigurationList;
			buildConfigurations = (
				CE5068C01D36C579003C1B95 /* Debug */,
				CE5068C11D36C579003C1B95 /* Release */,
			);
			defaultConfigurationIsVisible = 0;
			defaultConfigurationName = Release;
		};
/* End XCConfigurationList section */

/* Begin XCVersionGroup section */
		BA691ADF1D70A7AB0090F872 /* Model.xcdatamodeld */ = {
			isa = XCVersionGroup;
			children = (
				BA691AE01D70A7AB0090F872 /* Model.xcdatamodel */,
			);
			currentVersion = BA691AE01D70A7AB0090F872 /* Model.xcdatamodel */;
			name = Model.xcdatamodeld;
			path = ../Model.xcdatamodeld;
			sourceTree = "<group>";
			versionGroupType = wrapper.xcdatamodel;
		};
/* End XCVersionGroup section */
	};
	rootObject = CE5068A01D36C578003C1B95 /* Project object */;
}
